
Microsoft Visual Studio Solution File, Format Version 12.00
# Visual Studio Version 17
VisualStudioVersion = 17.7.34024.191
MinimumVisualStudioVersion = 10.0.40219.1
Project("{9A19103F-16F7-4668-BE54-9A1E7A4F7556}") = "CinemaProject", "CinemaProject\CinemaProject.csproj", "{5575EB43-5D5C-430C-AD00-F13BF8C2B01C}"
	ProjectSection(ProjectDependencies) = postProject
		{A9F97869-CBA4-42F7-9F68-67F90B570735} = {A9F97869-CBA4-42F7-9F68-67F90B570735}
	EndProjectSection
EndProject
Project("{FAE04EC0-301F-11D3-BF4B-00C04F79EFBC}") = "DataAccess", "DataAccess\DataAccess.csproj", "{A9F97869-CBA4-42F7-9F68-67F90B570735}"
EndProject
Global
	GlobalSection(SolutionConfigurationPlatforms) = preSolution
		Debug|Any CPU = Debug|Any CPU
		Release|Any CPU = Release|Any CPU
	EndGlobalSection
	GlobalSection(ProjectConfigurationPlatforms) = postSolution
		{5575EB43-5D5C-430C-AD00-F13BF8C2B01C}.Debug|Any CPU.ActiveCfg = Debug|Any CPU
		{5575EB43-5D5C-430C-AD00-F13BF8C2B01C}.Debug|Any CPU.Build.0 = Debug|Any CPU
		{5575EB43-5D5C-430C-AD00-F13BF8C2B01C}.Release|Any CPU.ActiveCfg = Release|Any CPU
		{5575EB43-5D5C-430C-AD00-F13BF8C2B01C}.Release|Any CPU.Build.0 = Release|Any CPU
		{A9F97869-CBA4-42F7-9F68-67F90B570735}.Debug|Any CPU.ActiveCfg = Debug|Any CPU
		{A9F97869-CBA4-42F7-9F68-67F90B570735}.Debug|Any CPU.Build.0 = Debug|Any CPU
		{A9F97869-CBA4-42F7-9F68-67F90B570735}.Release|Any CPU.ActiveCfg = Release|Any CPU
		{A9F97869-CBA4-42F7-9F68-67F90B570735}.Release|Any CPU.Build.0 = Release|Any CPU
	EndGlobalSection
	GlobalSection(SolutionProperties) = preSolution
		HideSolutionNode = FALSE
	EndGlobalSection
	GlobalSection(ExtensibilityGlobals) = postSolution
		SolutionGuid = {8D46078A-8345-4F1D-BB33-AD998B682041}
	EndGlobalSection
EndGlobal
